
Microsoft Visual Studio Solution File, Format Version 12.00
# Visual Studio 14
VisualStudioVersion = 14.0.25420.1
MinimumVisualStudioVersion = 10.0.40219.1
Project("{FAE04EC0-301F-11D3-BF4B-00C04F79EFBC}") = "InstagramServicesDesktopWin64", "InstagramServicesDesktopWin64\InstagramServicesDesktopWin64.csproj", "{019304C8-054E-4EDA-9847-9DBBAE3C9779}"
EndProject
Project("{FAE04EC0-301F-11D3-BF4B-00C04F79EFBC}") = "UserControls", "UserControls\UserControls.csproj", "{9F2E660C-08AF-47EC-AA9F-F6F5D2C81027}"
EndProject
Project("{FAE04EC0-301F-11D3-BF4B-00C04F79EFBC}") = "Instagram", "Instagram\Instagram.csproj", "{2B244F65-9971-4C57-9E77-54AB2386F35B}"
EndProject
Project("{FAE04EC0-301F-11D3-BF4B-00C04F79EFBC}") = "MailWorker", "MailWorker\MailWorker.csproj", "{E24B7162-C80A-4D18-8C97-A9D2B13BFABD}"
EndProject
Project("{FAE04EC0-301F-11D3-BF4B-00C04F79EFBC}") = "SmsLibrary", "SmsLibrary\SmsLibrary.csproj", "{C548DCF6-00DF-4929-9497-FC91B30A1B48}"
EndProject
Project("{FAE04EC0-301F-11D3-BF4B-00C04F79EFBC}") = "SettingsLibrary", "SettingsLibrary\SettingsLibrary.csproj", "{F7477C1A-CA28-41C1-9921-8DE59BE1C552}"
EndProject
Global
	GlobalSection(SolutionConfigurationPlatforms) = preSolution
		Debug|Any CPU = Debug|Any CPU
		Release|Any CPU = Release|Any CPU
	EndGlobalSection
	GlobalSection(ProjectConfigurationPlatforms) = postSolution
		{019304C8-054E-4EDA-9847-9DBBAE3C9779}.Debug|Any CPU.ActiveCfg = Debug|Any CPU
		{019304C8-054E-4EDA-9847-9DBBAE3C9779}.Debug|Any CPU.Build.0 = Debug|Any CPU
		{019304C8-054E-4EDA-9847-9DBBAE3C9779}.Release|Any CPU.ActiveCfg = Release|Any CPU
		{019304C8-054E-4EDA-9847-9DBBAE3C9779}.Release|Any CPU.Build.0 = Release|Any CPU
		{9F2E660C-08AF-47EC-AA9F-F6F5D2C81027}.Debug|Any CPU.ActiveCfg = Debug|Any CPU
		{9F2E660C-08AF-47EC-AA9F-F6F5D2C81027}.Debug|Any CPU.Build.0 = Debug|Any CPU
		{9F2E660C-08AF-47EC-AA9F-F6F5D2C81027}.Release|Any CPU.ActiveCfg = Release|Any CPU
		{9F2E660C-08AF-47EC-AA9F-F6F5D2C81027}.Release|Any CPU.Build.0 = Release|Any CPU
<<<<<<< HEAD
		{2B244F65-9971-4C57-9E77-54AB2386F35B}.Debug|Any CPU.ActiveCfg = Debug|Any CPU
		{2B244F65-9971-4C57-9E77-54AB2386F35B}.Debug|Any CPU.Build.0 = Debug|Any CPU
		{2B244F65-9971-4C57-9E77-54AB2386F35B}.Release|Any CPU.ActiveCfg = Release|Any CPU
		{2B244F65-9971-4C57-9E77-54AB2386F35B}.Release|Any CPU.Build.0 = Release|Any CPU
		{E24B7162-C80A-4D18-8C97-A9D2B13BFABD}.Debug|Any CPU.ActiveCfg = Debug|Any CPU
		{E24B7162-C80A-4D18-8C97-A9D2B13BFABD}.Debug|Any CPU.Build.0 = Debug|Any CPU
		{E24B7162-C80A-4D18-8C97-A9D2B13BFABD}.Release|Any CPU.ActiveCfg = Release|Any CPU
		{E24B7162-C80A-4D18-8C97-A9D2B13BFABD}.Release|Any CPU.Build.0 = Release|Any CPU
=======
		{23FC2F52-3A5B-4F05-8065-21C59DA1851D}.Debug|Any CPU.ActiveCfg = Debug|Any CPU
		{23FC2F52-3A5B-4F05-8065-21C59DA1851D}.Debug|Any CPU.Build.0 = Debug|Any CPU
		{23FC2F52-3A5B-4F05-8065-21C59DA1851D}.Release|Any CPU.ActiveCfg = Release|Any CPU
		{23FC2F52-3A5B-4F05-8065-21C59DA1851D}.Release|Any CPU.Build.0 = Release|Any CPU
		{0406EB3D-D2DF-43BC-A6D0-4582669C88AC}.Debug|Any CPU.ActiveCfg = Debug|Any CPU
		{0406EB3D-D2DF-43BC-A6D0-4582669C88AC}.Debug|Any CPU.Build.0 = Debug|Any CPU
		{0406EB3D-D2DF-43BC-A6D0-4582669C88AC}.Release|Any CPU.ActiveCfg = Release|Any CPU
		{0406EB3D-D2DF-43BC-A6D0-4582669C88AC}.Release|Any CPU.Build.0 = Release|Any CPU
		{C548DCF6-00DF-4929-9497-FC91B30A1B48}.Debug|Any CPU.ActiveCfg = Debug|Any CPU
		{C548DCF6-00DF-4929-9497-FC91B30A1B48}.Debug|Any CPU.Build.0 = Debug|Any CPU
		{C548DCF6-00DF-4929-9497-FC91B30A1B48}.Release|Any CPU.ActiveCfg = Release|Any CPU
		{C548DCF6-00DF-4929-9497-FC91B30A1B48}.Release|Any CPU.Build.0 = Release|Any CPU
<<<<<<< HEAD
>>>>>>> 075896b... Creating smsOnline class  selenium changing number(uncorrect)
=======
		{F7477C1A-CA28-41C1-9921-8DE59BE1C552}.Debug|Any CPU.ActiveCfg = Debug|Any CPU
		{F7477C1A-CA28-41C1-9921-8DE59BE1C552}.Debug|Any CPU.Build.0 = Debug|Any CPU
		{F7477C1A-CA28-41C1-9921-8DE59BE1C552}.Release|Any CPU.ActiveCfg = Release|Any CPU
		{F7477C1A-CA28-41C1-9921-8DE59BE1C552}.Release|Any CPU.Build.0 = Release|Any CPU
>>>>>>> d6f5b8f... settings class
	EndGlobalSection
	GlobalSection(SolutionProperties) = preSolution
		HideSolutionNode = FALSE
	EndGlobalSection
	GlobalSection(ExtensibilityGlobals) = postSolution
		SolutionGuid = {54F05F67-4B31-4F77-B889-8F5DD7E2F02C}
	EndGlobalSection
EndGlobal
